<?xml version="1.0" encoding="utf-8"?>
<Project ToolsVersion="4.0" xmlns="http://schemas.microsoft.com/developer/msbuild/2003">
  <ItemGroup>
    <ClCompile Include="test_string_conversions.cpp" />
    <ClCompile Include="test_string_endswith.cpp" />
    <ClCompile Include="test_string_join.cpp" />
    <ClCompile Include="test_string_split.cpp" />
    <ClCompile Include="test_string_startswith.cpp" />
    <ClCompile Include="test_string_trim.cpp" />
  </ItemGroup>
</Project>